
Microsoft Visual Studio Solution File, Format Version 12.00
# Visual Studio 14
VisualStudioVersion = 14.0.25420.1
MinimumVisualStudioVersion = 10.0.40219.1
Project("{FAE04EC0-301F-11D3-BF4B-00C04F79EFBC}") = "Izh-04_tasks", "Izh-04_tasks\Izh-04_tasks.csproj", "{DC0C1398-0357-4662-9526-6E9CF1A80346}"
EndProject
Project("{FAE04EC0-301F-11D3-BF4B-00C04F79EFBC}") = "Izh-05_tasks", "Izh-05_tasks\Izh-05_tasks.csproj", "{B88B99F4-0F93-4F4F-AAD3-F74202576BF8}"
EndProject
Project("{FAE04EC0-301F-11D3-BF4B-00C04F79EFBC}") = "Izh-06_tasks", "Izh-06_tasks\Izh-06_tasks.csproj", "{649CE31B-85D2-493C-8045-566393CC161D}"
EndProject
Project("{FAE04EC0-301F-11D3-BF4B-00C04F79EFBC}") = "Izh-08_tasks", "Izh-08_tasks\Izh-08_tasks.csproj", "{DE988F63-A7A6-4A97-962D-CCBE09DF7A53}"
EndProject
Project("{FAE04EC0-301F-11D3-BF4B-00C04F79EFBC}") = "Izh-09_tasks", "Izh-09_tasks\Izh-09_tasks.csproj", "{0DFD1A30-1D22-4F07-B160-798B67521388}"
EndProject
Project("{FAE04EC0-301F-11D3-BF4B-00C04F79EFBC}") = "Izh-11_tasks", "Izh-11_tasks\Izh-11_tasks.csproj", "{862141BE-6AE7-4C1C-939C-F71E6E54720C}"
EndProject
Global
	GlobalSection(SolutionConfigurationPlatforms) = preSolution
		Debug|Any CPU = Debug|Any CPU
		Release|Any CPU = Release|Any CPU
	EndGlobalSection
	GlobalSection(ProjectConfigurationPlatforms) = postSolution
		{DC0C1398-0357-4662-9526-6E9CF1A80346}.Debug|Any CPU.ActiveCfg = Debug|Any CPU
		{DC0C1398-0357-4662-9526-6E9CF1A80346}.Debug|Any CPU.Build.0 = Debug|Any CPU
		{DC0C1398-0357-4662-9526-6E9CF1A80346}.Release|Any CPU.ActiveCfg = Release|Any CPU
		{DC0C1398-0357-4662-9526-6E9CF1A80346}.Release|Any CPU.Build.0 = Release|Any CPU
		{B88B99F4-0F93-4F4F-AAD3-F74202576BF8}.Debug|Any CPU.ActiveCfg = Debug|Any CPU
		{B88B99F4-0F93-4F4F-AAD3-F74202576BF8}.Debug|Any CPU.Build.0 = Debug|Any CPU
		{B88B99F4-0F93-4F4F-AAD3-F74202576BF8}.Release|Any CPU.ActiveCfg = Release|Any CPU
		{B88B99F4-0F93-4F4F-AAD3-F74202576BF8}.Release|Any CPU.Build.0 = Release|Any CPU
		{649CE31B-85D2-493C-8045-566393CC161D}.Debug|Any CPU.ActiveCfg = Debug|Any CPU
		{649CE31B-85D2-493C-8045-566393CC161D}.Debug|Any CPU.Build.0 = Debug|Any CPU
		{649CE31B-85D2-493C-8045-566393CC161D}.Release|Any CPU.ActiveCfg = Release|Any CPU
		{649CE31B-85D2-493C-8045-566393CC161D}.Release|Any CPU.Build.0 = Release|Any CPU
		{DE988F63-A7A6-4A97-962D-CCBE09DF7A53}.Debug|Any CPU.ActiveCfg = Debug|Any CPU
		{DE988F63-A7A6-4A97-962D-CCBE09DF7A53}.Debug|Any CPU.Build.0 = Debug|Any CPU
		{DE988F63-A7A6-4A97-962D-CCBE09DF7A53}.Release|Any CPU.ActiveCfg = Release|Any CPU
		{DE988F63-A7A6-4A97-962D-CCBE09DF7A53}.Release|Any CPU.Build.0 = Release|Any CPU
		{0DFD1A30-1D22-4F07-B160-798B67521388}.Debug|Any CPU.ActiveCfg = Debug|Any CPU
		{0DFD1A30-1D22-4F07-B160-798B67521388}.Debug|Any CPU.Build.0 = Debug|Any CPU
		{0DFD1A30-1D22-4F07-B160-798B67521388}.Release|Any CPU.ActiveCfg = Release|Any CPU
		{0DFD1A30-1D22-4F07-B160-798B67521388}.Release|Any CPU.Build.0 = Release|Any CPU
		{862141BE-6AE7-4C1C-939C-F71E6E54720C}.Debug|Any CPU.ActiveCfg = Debug|Any CPU
		{862141BE-6AE7-4C1C-939C-F71E6E54720C}.Debug|Any CPU.Build.0 = Debug|Any CPU
		{862141BE-6AE7-4C1C-939C-F71E6E54720C}.Release|Any CPU.ActiveCfg = Release|Any CPU
		{862141BE-6AE7-4C1C-939C-F71E6E54720C}.Release|Any CPU.Build.0 = Release|Any CPU
	EndGlobalSection
	GlobalSection(SolutionProperties) = preSolution
		HideSolutionNode = FALSE
	EndGlobalSection
EndGlobal
